
Microsoft Visual Studio Solution File, Format Version 12.00
# Visual Studio Version 16
VisualStudioVersion = 16.0.31005.135
MinimumVisualStudioVersion = 10.0.40219.1
Project("{D954291E-2A0B-460D-934E-DC6B0785DB48}") = "u1.Shared", "u1\u1.Shared\u1.Shared.shproj", "{6279C845-92F8-4333-AB99-3D213163593C}"
EndProject
Project("{2150E333-8FDC-42A3-9474-1A3956D46DE8}") = "Platforms", "Platforms", "{CE2BEF7A-C640-4152-8BB9-57A97BBEF8E2}"
EndProject
Project("{FAE04EC0-301F-11D3-BF4B-00C04F79EFBC}") = "u1.Droid", "u1\u1.Droid\u1.Droid.csproj", "{BE8D0826-5B0B-4A8D-99FF-05400C66C86E}"
EndProject
Project("{FAE04EC0-301F-11D3-BF4B-00C04F79EFBC}") = "u1.iOS", "u1\u1.iOS\u1.iOS.csproj", "{79F43C48-2E9E-4E4C-8673-57C5AD08E073}"
EndProject
Project("{FAE04EC0-301F-11D3-BF4B-00C04F79EFBC}") = "u1.UWP", "u1\u1.UWP\u1.UWP.csproj", "{1F3ED2A1-DAFE-490C-A25A-E2E9428955BD}"
EndProject
Project("{FAE04EC0-301F-11D3-BF4B-00C04F79EFBC}") = "u1.Wasm", "u1\u1.Wasm\u1.Wasm.csproj", "{9D059D6C-87DF-4EA9-BC46-47CEBB05BB09}"
EndProject
Project("{FAE04EC0-301F-11D3-BF4B-00C04F79EFBC}") = "u1.macOS", "u1\u1.macOS\u1.macOS.csproj", "{2BD67495-D665-4C63-8FFB-E6E61D365DDE}"
EndProject
Project("{FAE04EC0-301F-11D3-BF4B-00C04F79EFBC}") = "u1.Skia.Wpf.Host", "u1\u1.Skia.Wpf.Host\u1.Skia.Wpf.Host.csproj", "{70681969-73B2-439D-9884-A537125BC832}"
EndProject
Project("{FAE04EC0-301F-11D3-BF4B-00C04F79EFBC}") = "u1.Skia.Wpf", "u1\u1.Skia.Wpf\u1.Skia.Wpf.csproj", "{BF7B93CB-8352-4A30-953C-2BA01838E172}"
EndProject
Project("{FAE04EC0-301F-11D3-BF4B-00C04F79EFBC}") = "u1.Skia.Gtk", "u1\u1.Skia.Gtk\u1.Skia.Gtk.csproj", "{6116FE07-5CEB-4A9F-B7A2-1FC13C1A8D66}"
EndProject
Project("{FAE04EC0-301F-11D3-BF4B-00C04F79EFBC}") = "u1.Skia.Tizen", "u1\u1.Skia.Tizen\u1.Skia.Tizen.csproj", "{BB935518-B42A-45F8-BADD-65B7226B3E8E}"
EndProject
Global
	GlobalSection(SharedMSBuildProjectFiles) = preSolution
		u1\u1.Shared\u1.Shared.projitems*{1f3ed2a1-dafe-490c-a25a-e2e9428955bd}*SharedItemsImports = 4
		u1\u1.Shared\u1.Shared.projitems*{2bd67495-d665-4c63-8ffb-e6e61d365dde}*SharedItemsImports = 4
		u1\u1.Shared\u1.Shared.projitems*{6116fe07-5ceb-4a9f-b7a2-1fc13c1a8d66}*SharedItemsImports = 5
		u1\u1.Shared\u1.Shared.projitems*{6279c845-92f8-4333-ab99-3d213163593c}*SharedItemsImports = 13
		u1\u1.Shared\u1.Shared.projitems*{79f43c48-2e9e-4e4c-8673-57c5ad08e073}*SharedItemsImports = 4
		u1\u1.Shared\u1.Shared.projitems*{9d059d6c-87df-4ea9-bc46-47cebb05bb09}*SharedItemsImports = 5
		u1\u1.Shared\u1.Shared.projitems*{bb935518-b42a-45f8-badd-65b7226b3e8e}*SharedItemsImports = 5
		u1\u1.Shared\u1.Shared.projitems*{be8d0826-5b0b-4a8d-99ff-05400c66c86e}*SharedItemsImports = 4
		u1\u1.Shared\u1.Shared.projitems*{bf7b93cb-8352-4a30-953c-2ba01838e172}*SharedItemsImports = 5
	EndGlobalSection
	GlobalSection(SolutionConfigurationPlatforms) = preSolution
		Ad-Hoc|Any CPU = Ad-Hoc|Any CPU
		Ad-Hoc|ARM = Ad-Hoc|ARM
		Ad-Hoc|ARM64 = Ad-Hoc|ARM64
		Ad-Hoc|iPhone = Ad-Hoc|iPhone
		Ad-Hoc|iPhoneSimulator = Ad-Hoc|iPhoneSimulator
		Ad-Hoc|x64 = Ad-Hoc|x64
		Ad-Hoc|x86 = Ad-Hoc|x86
		AppStore|Any CPU = AppStore|Any CPU
		AppStore|ARM = AppStore|ARM
		AppStore|ARM64 = AppStore|ARM64
		AppStore|iPhone = AppStore|iPhone
		AppStore|iPhoneSimulator = AppStore|iPhoneSimulator
		AppStore|x64 = AppStore|x64
		AppStore|x86 = AppStore|x86
		Debug|Any CPU = Debug|Any CPU
		Debug|ARM = Debug|ARM
		Debug|ARM64 = Debug|ARM64
		Debug|iPhone = Debug|iPhone
		Debug|iPhoneSimulator = Debug|iPhoneSimulator
		Debug|x64 = Debug|x64
		Debug|x86 = Debug|x86
		Release|Any CPU = Release|Any CPU
		Release|ARM = Release|ARM
		Release|ARM64 = Release|ARM64
		Release|iPhone = Release|iPhone
		Release|iPhoneSimulator = Release|iPhoneSimulator
		Release|x64 = Release|x64
		Release|x86 = Release|x86
	EndGlobalSection
	GlobalSection(ProjectConfigurationPlatforms) = postSolution
		{BE8D0826-5B0B-4A8D-99FF-05400C66C86E}.Ad-Hoc|Any CPU.ActiveCfg = Debug|Any CPU
		{BE8D0826-5B0B-4A8D-99FF-05400C66C86E}.Ad-Hoc|Any CPU.Build.0 = Debug|Any CPU
		{BE8D0826-5B0B-4A8D-99FF-05400C66C86E}.Ad-Hoc|Any CPU.Deploy.0 = Debug|Any CPU
		{BE8D0826-5B0B-4A8D-99FF-05400C66C86E}.Ad-Hoc|ARM.ActiveCfg = Debug|Any CPU
		{BE8D0826-5B0B-4A8D-99FF-05400C66C86E}.Ad-Hoc|ARM.Build.0 = Debug|Any CPU
		{BE8D0826-5B0B-4A8D-99FF-05400C66C86E}.Ad-Hoc|ARM.Deploy.0 = Debug|Any CPU
		{BE8D0826-5B0B-4A8D-99FF-05400C66C86E}.Ad-Hoc|ARM64.ActiveCfg = Debug|Any CPU
		{BE8D0826-5B0B-4A8D-99FF-05400C66C86E}.Ad-Hoc|ARM64.Build.0 = Debug|Any CPU
		{BE8D0826-5B0B-4A8D-99FF-05400C66C86E}.Ad-Hoc|ARM64.Deploy.0 = Debug|Any CPU
		{BE8D0826-5B0B-4A8D-99FF-05400C66C86E}.Ad-Hoc|iPhone.ActiveCfg = Debug|Any CPU
		{BE8D0826-5B0B-4A8D-99FF-05400C66C86E}.Ad-Hoc|iPhone.Build.0 = Debug|Any CPU
		{BE8D0826-5B0B-4A8D-99FF-05400C66C86E}.Ad-Hoc|iPhone.Deploy.0 = Debug|Any CPU
		{BE8D0826-5B0B-4A8D-99FF-05400C66C86E}.Ad-Hoc|iPhoneSimulator.ActiveCfg = Debug|Any CPU
		{BE8D0826-5B0B-4A8D-99FF-05400C66C86E}.Ad-Hoc|iPhoneSimulator.Build.0 = Debug|Any CPU
		{BE8D0826-5B0B-4A8D-99FF-05400C66C86E}.Ad-Hoc|iPhoneSimulator.Deploy.0 = Debug|Any CPU
		{BE8D0826-5B0B-4A8D-99FF-05400C66C86E}.Ad-Hoc|x64.ActiveCfg = Debug|Any CPU
		{BE8D0826-5B0B-4A8D-99FF-05400C66C86E}.Ad-Hoc|x64.Build.0 = Debug|Any CPU
		{BE8D0826-5B0B-4A8D-99FF-05400C66C86E}.Ad-Hoc|x64.Deploy.0 = Debug|Any CPU
		{BE8D0826-5B0B-4A8D-99FF-05400C66C86E}.Ad-Hoc|x86.ActiveCfg = Debug|Any CPU
		{BE8D0826-5B0B-4A8D-99FF-05400C66C86E}.Ad-Hoc|x86.Build.0 = Debug|Any CPU
		{BE8D0826-5B0B-4A8D-99FF-05400C66C86E}.Ad-Hoc|x86.Deploy.0 = Debug|Any CPU
		{BE8D0826-5B0B-4A8D-99FF-05400C66C86E}.AppStore|Any CPU.ActiveCfg = Debug|Any CPU
		{BE8D0826-5B0B-4A8D-99FF-05400C66C86E}.AppStore|Any CPU.Build.0 = Debug|Any CPU
		{BE8D0826-5B0B-4A8D-99FF-05400C66C86E}.AppStore|Any CPU.Deploy.0 = Debug|Any CPU
		{BE8D0826-5B0B-4A8D-99FF-05400C66C86E}.AppStore|ARM.ActiveCfg = Debug|Any CPU
		{BE8D0826-5B0B-4A8D-99FF-05400C66C86E}.AppStore|ARM.Build.0 = Debug|Any CPU
		{BE8D0826-5B0B-4A8D-99FF-05400C66C86E}.AppStore|ARM.Deploy.0 = Debug|Any CPU
		{BE8D0826-5B0B-4A8D-99FF-05400C66C86E}.AppStore|ARM64.ActiveCfg = Debug|Any CPU
		{BE8D0826-5B0B-4A8D-99FF-05400C66C86E}.AppStore|ARM64.Build.0 = Debug|Any CPU
		{BE8D0826-5B0B-4A8D-99FF-05400C66C86E}.AppStore|ARM64.Deploy.0 = Debug|Any CPU
		{BE8D0826-5B0B-4A8D-99FF-05400C66C86E}.AppStore|iPhone.ActiveCfg = Debug|Any CPU
		{BE8D0826-5B0B-4A8D-99FF-05400C66C86E}.AppStore|iPhone.Build.0 = Debug|Any CPU
		{BE8D0826-5B0B-4A8D-99FF-05400C66C86E}.AppStore|iPhone.Deploy.0 = Debug|Any CPU
		{BE8D0826-5B0B-4A8D-99FF-05400C66C86E}.AppStore|iPhoneSimulator.ActiveCfg = Debug|Any CPU
		{BE8D0826-5B0B-4A8D-99FF-05400C66C86E}.AppStore|iPhoneSimulator.Build.0 = Debug|Any CPU
		{BE8D0826-5B0B-4A8D-99FF-05400C66C86E}.AppStore|iPhoneSimulator.Deploy.0 = Debug|Any CPU
		{BE8D0826-5B0B-4A8D-99FF-05400C66C86E}.AppStore|x64.ActiveCfg = Debug|Any CPU
		{BE8D0826-5B0B-4A8D-99FF-05400C66C86E}.AppStore|x64.Build.0 = Debug|Any CPU
		{BE8D0826-5B0B-4A8D-99FF-05400C66C86E}.AppStore|x64.Deploy.0 = Debug|Any CPU
		{BE8D0826-5B0B-4A8D-99FF-05400C66C86E}.AppStore|x86.ActiveCfg = Debug|Any CPU
		{BE8D0826-5B0B-4A8D-99FF-05400C66C86E}.AppStore|x86.Build.0 = Debug|Any CPU
		{BE8D0826-5B0B-4A8D-99FF-05400C66C86E}.AppStore|x86.Deploy.0 = Debug|Any CPU
		{BE8D0826-5B0B-4A8D-99FF-05400C66C86E}.Debug|Any CPU.ActiveCfg = Debug|Any CPU
		{BE8D0826-5B0B-4A8D-99FF-05400C66C86E}.Debug|Any CPU.Build.0 = Debug|Any CPU
		{BE8D0826-5B0B-4A8D-99FF-05400C66C86E}.Debug|Any CPU.Deploy.0 = Debug|Any CPU
		{BE8D0826-5B0B-4A8D-99FF-05400C66C86E}.Debug|ARM.ActiveCfg = Debug|Any CPU
		{BE8D0826-5B0B-4A8D-99FF-05400C66C86E}.Debug|ARM.Build.0 = Debug|Any CPU
		{BE8D0826-5B0B-4A8D-99FF-05400C66C86E}.Debug|ARM.Deploy.0 = Debug|Any CPU
		{BE8D0826-5B0B-4A8D-99FF-05400C66C86E}.Debug|ARM64.ActiveCfg = Debug|Any CPU
		{BE8D0826-5B0B-4A8D-99FF-05400C66C86E}.Debug|ARM64.Build.0 = Debug|Any CPU
		{BE8D0826-5B0B-4A8D-99FF-05400C66C86E}.Debug|ARM64.Deploy.0 = Debug|Any CPU
		{BE8D0826-5B0B-4A8D-99FF-05400C66C86E}.Debug|iPhone.ActiveCfg = Debug|Any CPU
		{BE8D0826-5B0B-4A8D-99FF-05400C66C86E}.Debug|iPhone.Build.0 = Debug|Any CPU
		{BE8D0826-5B0B-4A8D-99FF-05400C66C86E}.Debug|iPhone.Deploy.0 = Debug|Any CPU
		{BE8D0826-5B0B-4A8D-99FF-05400C66C86E}.Debug|iPhoneSimulator.ActiveCfg = Debug|Any CPU
		{BE8D0826-5B0B-4A8D-99FF-05400C66C86E}.Debug|iPhoneSimulator.Build.0 = Debug|Any CPU
		{BE8D0826-5B0B-4A8D-99FF-05400C66C86E}.Debug|iPhoneSimulator.Deploy.0 = Debug|Any CPU
		{BE8D0826-5B0B-4A8D-99FF-05400C66C86E}.Debug|x64.ActiveCfg = Debug|Any CPU
		{BE8D0826-5B0B-4A8D-99FF-05400C66C86E}.Debug|x64.Build.0 = Debug|Any CPU
		{BE8D0826-5B0B-4A8D-99FF-05400C66C86E}.Debug|x64.Deploy.0 = Debug|Any CPU
		{BE8D0826-5B0B-4A8D-99FF-05400C66C86E}.Debug|x86.ActiveCfg = Debug|Any CPU
		{BE8D0826-5B0B-4A8D-99FF-05400C66C86E}.Debug|x86.Build.0 = Debug|Any CPU
		{BE8D0826-5B0B-4A8D-99FF-05400C66C86E}.Debug|x86.Deploy.0 = Debug|Any CPU
		{BE8D0826-5B0B-4A8D-99FF-05400C66C86E}.Release|Any CPU.ActiveCfg = Release|Any CPU
		{BE8D0826-5B0B-4A8D-99FF-05400C66C86E}.Release|Any CPU.Build.0 = Release|Any CPU
		{BE8D0826-5B0B-4A8D-99FF-05400C66C86E}.Release|Any CPU.Deploy.0 = Release|Any CPU
		{BE8D0826-5B0B-4A8D-99FF-05400C66C86E}.Release|ARM.ActiveCfg = Release|Any CPU
		{BE8D0826-5B0B-4A8D-99FF-05400C66C86E}.Release|ARM.Build.0 = Release|Any CPU
		{BE8D0826-5B0B-4A8D-99FF-05400C66C86E}.Release|ARM.Deploy.0 = Release|Any CPU
		{BE8D0826-5B0B-4A8D-99FF-05400C66C86E}.Release|ARM64.ActiveCfg = Release|Any CPU
		{BE8D0826-5B0B-4A8D-99FF-05400C66C86E}.Release|ARM64.Build.0 = Release|Any CPU
		{BE8D0826-5B0B-4A8D-99FF-05400C66C86E}.Release|ARM64.Deploy.0 = Release|Any CPU
		{BE8D0826-5B0B-4A8D-99FF-05400C66C86E}.Release|iPhone.ActiveCfg = Release|Any CPU
		{BE8D0826-5B0B-4A8D-99FF-05400C66C86E}.Release|iPhone.Build.0 = Release|Any CPU
		{BE8D0826-5B0B-4A8D-99FF-05400C66C86E}.Release|iPhone.Deploy.0 = Release|Any CPU
		{BE8D0826-5B0B-4A8D-99FF-05400C66C86E}.Release|iPhoneSimulator.ActiveCfg = Release|Any CPU
		{BE8D0826-5B0B-4A8D-99FF-05400C66C86E}.Release|iPhoneSimulator.Build.0 = Release|Any CPU
		{BE8D0826-5B0B-4A8D-99FF-05400C66C86E}.Release|iPhoneSimulator.Deploy.0 = Release|Any CPU
		{BE8D0826-5B0B-4A8D-99FF-05400C66C86E}.Release|x64.ActiveCfg = Release|Any CPU
		{BE8D0826-5B0B-4A8D-99FF-05400C66C86E}.Release|x64.Build.0 = Release|Any CPU
		{BE8D0826-5B0B-4A8D-99FF-05400C66C86E}.Release|x64.Deploy.0 = Release|Any CPU
		{BE8D0826-5B0B-4A8D-99FF-05400C66C86E}.Release|x86.ActiveCfg = Release|Any CPU
		{BE8D0826-5B0B-4A8D-99FF-05400C66C86E}.Release|x86.Build.0 = Release|Any CPU
		{BE8D0826-5B0B-4A8D-99FF-05400C66C86E}.Release|x86.Deploy.0 = Release|Any CPU
		{79F43C48-2E9E-4E4C-8673-57C5AD08E073}.Ad-Hoc|Any CPU.ActiveCfg = Ad-Hoc|iPhoneSimulator
		{79F43C48-2E9E-4E4C-8673-57C5AD08E073}.Ad-Hoc|ARM.ActiveCfg = Ad-Hoc|iPhoneSimulator
		{79F43C48-2E9E-4E4C-8673-57C5AD08E073}.Ad-Hoc|ARM64.ActiveCfg = Ad-Hoc|iPhoneSimulator
		{79F43C48-2E9E-4E4C-8673-57C5AD08E073}.Ad-Hoc|iPhone.ActiveCfg = Ad-Hoc|iPhone
		{79F43C48-2E9E-4E4C-8673-57C5AD08E073}.Ad-Hoc|iPhone.Build.0 = Ad-Hoc|iPhone
		{79F43C48-2E9E-4E4C-8673-57C5AD08E073}.Ad-Hoc|iPhoneSimulator.ActiveCfg = Ad-Hoc|iPhoneSimulator
		{79F43C48-2E9E-4E4C-8673-57C5AD08E073}.Ad-Hoc|iPhoneSimulator.Build.0 = Ad-Hoc|iPhoneSimulator
		{79F43C48-2E9E-4E4C-8673-57C5AD08E073}.Ad-Hoc|x64.ActiveCfg = Ad-Hoc|iPhoneSimulator
		{79F43C48-2E9E-4E4C-8673-57C5AD08E073}.Ad-Hoc|x86.ActiveCfg = Ad-Hoc|iPhoneSimulator
		{79F43C48-2E9E-4E4C-8673-57C5AD08E073}.AppStore|Any CPU.ActiveCfg = AppStore|iPhoneSimulator
		{79F43C48-2E9E-4E4C-8673-57C5AD08E073}.AppStore|ARM.ActiveCfg = AppStore|iPhoneSimulator
		{79F43C48-2E9E-4E4C-8673-57C5AD08E073}.AppStore|ARM64.ActiveCfg = AppStore|iPhoneSimulator
		{79F43C48-2E9E-4E4C-8673-57C5AD08E073}.AppStore|iPhone.ActiveCfg = AppStore|iPhone
		{79F43C48-2E9E-4E4C-8673-57C5AD08E073}.AppStore|iPhone.Build.0 = AppStore|iPhone
		{79F43C48-2E9E-4E4C-8673-57C5AD08E073}.AppStore|iPhoneSimulator.ActiveCfg = AppStore|iPhoneSimulator
		{79F43C48-2E9E-4E4C-8673-57C5AD08E073}.AppStore|iPhoneSimulator.Build.0 = AppStore|iPhoneSimulator
		{79F43C48-2E9E-4E4C-8673-57C5AD08E073}.AppStore|x64.ActiveCfg = AppStore|iPhoneSimulator
		{79F43C48-2E9E-4E4C-8673-57C5AD08E073}.AppStore|x86.ActiveCfg = AppStore|iPhoneSimulator
		{79F43C48-2E9E-4E4C-8673-57C5AD08E073}.Debug|Any CPU.ActiveCfg = Debug|iPhoneSimulator
		{79F43C48-2E9E-4E4C-8673-57C5AD08E073}.Debug|ARM.ActiveCfg = Debug|iPhoneSimulator
		{79F43C48-2E9E-4E4C-8673-57C5AD08E073}.Debug|ARM64.ActiveCfg = Debug|iPhoneSimulator
		{79F43C48-2E9E-4E4C-8673-57C5AD08E073}.Debug|iPhone.ActiveCfg = Debug|iPhone
		{79F43C48-2E9E-4E4C-8673-57C5AD08E073}.Debug|iPhone.Build.0 = Debug|iPhone
		{79F43C48-2E9E-4E4C-8673-57C5AD08E073}.Debug|iPhoneSimulator.ActiveCfg = Debug|iPhoneSimulator
		{79F43C48-2E9E-4E4C-8673-57C5AD08E073}.Debug|iPhoneSimulator.Build.0 = Debug|iPhoneSimulator
		{79F43C48-2E9E-4E4C-8673-57C5AD08E073}.Debug|x64.ActiveCfg = Debug|iPhoneSimulator
		{79F43C48-2E9E-4E4C-8673-57C5AD08E073}.Debug|x86.ActiveCfg = Debug|iPhoneSimulator
		{79F43C48-2E9E-4E4C-8673-57C5AD08E073}.Release|Any CPU.ActiveCfg = Release|iPhoneSimulator
		{79F43C48-2E9E-4E4C-8673-57C5AD08E073}.Release|ARM.ActiveCfg = Release|iPhoneSimulator
		{79F43C48-2E9E-4E4C-8673-57C5AD08E073}.Release|ARM64.ActiveCfg = Release|iPhoneSimulator
		{79F43C48-2E9E-4E4C-8673-57C5AD08E073}.Release|iPhone.ActiveCfg = Release|iPhone
		{79F43C48-2E9E-4E4C-8673-57C5AD08E073}.Release|iPhone.Build.0 = Release|iPhone
		{79F43C48-2E9E-4E4C-8673-57C5AD08E073}.Release|iPhoneSimulator.ActiveCfg = Release|iPhoneSimulator
		{79F43C48-2E9E-4E4C-8673-57C5AD08E073}.Release|iPhoneSimulator.Build.0 = Release|iPhoneSimulator
		{79F43C48-2E9E-4E4C-8673-57C5AD08E073}.Release|x64.ActiveCfg = Release|iPhoneSimulator
		{79F43C48-2E9E-4E4C-8673-57C5AD08E073}.Release|x86.ActiveCfg = Release|iPhoneSimulator
		{1F3ED2A1-DAFE-490C-A25A-E2E9428955BD}.Ad-Hoc|Any CPU.ActiveCfg = Debug|x86
		{1F3ED2A1-DAFE-490C-A25A-E2E9428955BD}.Ad-Hoc|Any CPU.Build.0 = Debug|x86
		{1F3ED2A1-DAFE-490C-A25A-E2E9428955BD}.Ad-Hoc|Any CPU.Deploy.0 = Debug|x86
		{1F3ED2A1-DAFE-490C-A25A-E2E9428955BD}.Ad-Hoc|ARM.ActiveCfg = Debug|ARM
		{1F3ED2A1-DAFE-490C-A25A-E2E9428955BD}.Ad-Hoc|ARM.Build.0 = Debug|ARM
		{1F3ED2A1-DAFE-490C-A25A-E2E9428955BD}.Ad-Hoc|ARM.Deploy.0 = Debug|ARM
		{1F3ED2A1-DAFE-490C-A25A-E2E9428955BD}.Ad-Hoc|ARM64.ActiveCfg = Debug|ARM64
		{1F3ED2A1-DAFE-490C-A25A-E2E9428955BD}.Ad-Hoc|ARM64.Build.0 = Debug|ARM64
		{1F3ED2A1-DAFE-490C-A25A-E2E9428955BD}.Ad-Hoc|ARM64.Deploy.0 = Debug|ARM64
		{1F3ED2A1-DAFE-490C-A25A-E2E9428955BD}.Ad-Hoc|iPhone.ActiveCfg = Debug|x86
		{1F3ED2A1-DAFE-490C-A25A-E2E9428955BD}.Ad-Hoc|iPhone.Build.0 = Debug|x86
		{1F3ED2A1-DAFE-490C-A25A-E2E9428955BD}.Ad-Hoc|iPhone.Deploy.0 = Debug|x86
		{1F3ED2A1-DAFE-490C-A25A-E2E9428955BD}.Ad-Hoc|iPhoneSimulator.ActiveCfg = Debug|x86
		{1F3ED2A1-DAFE-490C-A25A-E2E9428955BD}.Ad-Hoc|iPhoneSimulator.Build.0 = Debug|x86
		{1F3ED2A1-DAFE-490C-A25A-E2E9428955BD}.Ad-Hoc|iPhoneSimulator.Deploy.0 = Debug|x86
		{1F3ED2A1-DAFE-490C-A25A-E2E9428955BD}.Ad-Hoc|x64.ActiveCfg = Debug|x64
		{1F3ED2A1-DAFE-490C-A25A-E2E9428955BD}.Ad-Hoc|x64.Build.0 = Debug|x64
		{1F3ED2A1-DAFE-490C-A25A-E2E9428955BD}.Ad-Hoc|x64.Deploy.0 = Debug|x64
		{1F3ED2A1-DAFE-490C-A25A-E2E9428955BD}.Ad-Hoc|x86.ActiveCfg = Debug|x86
		{1F3ED2A1-DAFE-490C-A25A-E2E9428955BD}.Ad-Hoc|x86.Build.0 = Debug|x86
		{1F3ED2A1-DAFE-490C-A25A-E2E9428955BD}.Ad-Hoc|x86.Deploy.0 = Debug|x86
		{1F3ED2A1-DAFE-490C-A25A-E2E9428955BD}.AppStore|Any CPU.ActiveCfg = Debug|x86
		{1F3ED2A1-DAFE-490C-A25A-E2E9428955BD}.AppStore|Any CPU.Build.0 = Debug|x86
		{1F3ED2A1-DAFE-490C-A25A-E2E9428955BD}.AppStore|Any CPU.Deploy.0 = Debug|x86
		{1F3ED2A1-DAFE-490C-A25A-E2E9428955BD}.AppStore|ARM.ActiveCfg = Debug|ARM
		{1F3ED2A1-DAFE-490C-A25A-E2E9428955BD}.AppStore|ARM.Build.0 = Debug|ARM
		{1F3ED2A1-DAFE-490C-A25A-E2E9428955BD}.AppStore|ARM.Deploy.0 = Debug|ARM
		{1F3ED2A1-DAFE-490C-A25A-E2E9428955BD}.AppStore|ARM64.ActiveCfg = Debug|ARM64
		{1F3ED2A1-DAFE-490C-A25A-E2E9428955BD}.AppStore|ARM64.Build.0 = Debug|ARM64
		{1F3ED2A1-DAFE-490C-A25A-E2E9428955BD}.AppStore|ARM64.Deploy.0 = Debug|ARM64
		{1F3ED2A1-DAFE-490C-A25A-E2E9428955BD}.AppStore|iPhone.ActiveCfg = Debug|x86
		{1F3ED2A1-DAFE-490C-A25A-E2E9428955BD}.AppStore|iPhone.Build.0 = Debug|x86
		{1F3ED2A1-DAFE-490C-A25A-E2E9428955BD}.AppStore|iPhone.Deploy.0 = Debug|x86
		{1F3ED2A1-DAFE-490C-A25A-E2E9428955BD}.AppStore|iPhoneSimulator.ActiveCfg = Debug|x86
		{1F3ED2A1-DAFE-490C-A25A-E2E9428955BD}.AppStore|iPhoneSimulator.Build.0 = Debug|x86
		{1F3ED2A1-DAFE-490C-A25A-E2E9428955BD}.AppStore|iPhoneSimulator.Deploy.0 = Debug|x86
		{1F3ED2A1-DAFE-490C-A25A-E2E9428955BD}.AppStore|x64.ActiveCfg = Debug|x64
		{1F3ED2A1-DAFE-490C-A25A-E2E9428955BD}.AppStore|x64.Build.0 = Debug|x64
		{1F3ED2A1-DAFE-490C-A25A-E2E9428955BD}.AppStore|x64.Deploy.0 = Debug|x64
		{1F3ED2A1-DAFE-490C-A25A-E2E9428955BD}.AppStore|x86.ActiveCfg = Debug|x86
		{1F3ED2A1-DAFE-490C-A25A-E2E9428955BD}.AppStore|x86.Build.0 = Debug|x86
		{1F3ED2A1-DAFE-490C-A25A-E2E9428955BD}.AppStore|x86.Deploy.0 = Debug|x86
		{1F3ED2A1-DAFE-490C-A25A-E2E9428955BD}.Debug|Any CPU.ActiveCfg = Debug|x86
		{1F3ED2A1-DAFE-490C-A25A-E2E9428955BD}.Debug|Any CPU.Build.0 = Debug|x86
		{1F3ED2A1-DAFE-490C-A25A-E2E9428955BD}.Debug|Any CPU.Deploy.0 = Debug|x86
		{1F3ED2A1-DAFE-490C-A25A-E2E9428955BD}.Debug|ARM.ActiveCfg = Debug|ARM
		{1F3ED2A1-DAFE-490C-A25A-E2E9428955BD}.Debug|ARM.Build.0 = Debug|ARM
		{1F3ED2A1-DAFE-490C-A25A-E2E9428955BD}.Debug|ARM.Deploy.0 = Debug|ARM
		{1F3ED2A1-DAFE-490C-A25A-E2E9428955BD}.Debug|ARM64.ActiveCfg = Debug|ARM64
		{1F3ED2A1-DAFE-490C-A25A-E2E9428955BD}.Debug|ARM64.Build.0 = Debug|ARM64
		{1F3ED2A1-DAFE-490C-A25A-E2E9428955BD}.Debug|ARM64.Deploy.0 = Debug|ARM64
		{1F3ED2A1-DAFE-490C-A25A-E2E9428955BD}.Debug|iPhone.ActiveCfg = Debug|x86
		{1F3ED2A1-DAFE-490C-A25A-E2E9428955BD}.Debug|iPhoneSimulator.ActiveCfg = Debug|x86
		{1F3ED2A1-DAFE-490C-A25A-E2E9428955BD}.Debug|x64.ActiveCfg = Debug|x64
		{1F3ED2A1-DAFE-490C-A25A-E2E9428955BD}.Debug|x64.Build.0 = Debug|x64
		{1F3ED2A1-DAFE-490C-A25A-E2E9428955BD}.Debug|x64.Deploy.0 = Debug|x64
		{1F3ED2A1-DAFE-490C-A25A-E2E9428955BD}.Debug|x86.ActiveCfg = Debug|x86
		{1F3ED2A1-DAFE-490C-A25A-E2E9428955BD}.Debug|x86.Build.0 = Debug|x86
		{1F3ED2A1-DAFE-490C-A25A-E2E9428955BD}.Debug|x86.Deploy.0 = Debug|x86
		{1F3ED2A1-DAFE-490C-A25A-E2E9428955BD}.Release|Any CPU.ActiveCfg = Release|x86
		{1F3ED2A1-DAFE-490C-A25A-E2E9428955BD}.Release|ARM.ActiveCfg = Release|ARM
		{1F3ED2A1-DAFE-490C-A25A-E2E9428955BD}.Release|ARM.Build.0 = Release|ARM
		{1F3ED2A1-DAFE-490C-A25A-E2E9428955BD}.Release|ARM.Deploy.0 = Release|ARM
		{1F3ED2A1-DAFE-490C-A25A-E2E9428955BD}.Release|ARM64.ActiveCfg = Release|ARM64
		{1F3ED2A1-DAFE-490C-A25A-E2E9428955BD}.Release|ARM64.Build.0 = Release|ARM64
		{1F3ED2A1-DAFE-490C-A25A-E2E9428955BD}.Release|ARM64.Deploy.0 = Release|ARM64
		{1F3ED2A1-DAFE-490C-A25A-E2E9428955BD}.Release|iPhone.ActiveCfg = Release|x86
		{1F3ED2A1-DAFE-490C-A25A-E2E9428955BD}.Release|iPhoneSimulator.ActiveCfg = Release|x86
		{1F3ED2A1-DAFE-490C-A25A-E2E9428955BD}.Release|x64.ActiveCfg = Release|x64
		{1F3ED2A1-DAFE-490C-A25A-E2E9428955BD}.Release|x64.Build.0 = Release|x64
		{1F3ED2A1-DAFE-490C-A25A-E2E9428955BD}.Release|x64.Deploy.0 = Release|x64
		{1F3ED2A1-DAFE-490C-A25A-E2E9428955BD}.Release|x86.ActiveCfg = Release|x86
		{1F3ED2A1-DAFE-490C-A25A-E2E9428955BD}.Release|x86.Build.0 = Release|x86
		{1F3ED2A1-DAFE-490C-A25A-E2E9428955BD}.Release|x86.Deploy.0 = Release|x86
		{9D059D6C-87DF-4EA9-BC46-47CEBB05BB09}.Ad-Hoc|Any CPU.ActiveCfg = Debug|Any CPU
		{9D059D6C-87DF-4EA9-BC46-47CEBB05BB09}.Ad-Hoc|Any CPU.Build.0 = Debug|Any CPU
		{9D059D6C-87DF-4EA9-BC46-47CEBB05BB09}.Ad-Hoc|ARM.ActiveCfg = Debug|Any CPU
		{9D059D6C-87DF-4EA9-BC46-47CEBB05BB09}.Ad-Hoc|ARM.Build.0 = Debug|Any CPU
		{9D059D6C-87DF-4EA9-BC46-47CEBB05BB09}.Ad-Hoc|ARM64.ActiveCfg = Debug|Any CPU
		{9D059D6C-87DF-4EA9-BC46-47CEBB05BB09}.Ad-Hoc|ARM64.Build.0 = Debug|Any CPU
		{9D059D6C-87DF-4EA9-BC46-47CEBB05BB09}.Ad-Hoc|iPhone.ActiveCfg = Debug|Any CPU
		{9D059D6C-87DF-4EA9-BC46-47CEBB05BB09}.Ad-Hoc|iPhone.Build.0 = Debug|Any CPU
		{9D059D6C-87DF-4EA9-BC46-47CEBB05BB09}.Ad-Hoc|iPhoneSimulator.ActiveCfg = Debug|Any CPU
		{9D059D6C-87DF-4EA9-BC46-47CEBB05BB09}.Ad-Hoc|iPhoneSimulator.Build.0 = Debug|Any CPU
		{9D059D6C-87DF-4EA9-BC46-47CEBB05BB09}.Ad-Hoc|x64.ActiveCfg = Debug|Any CPU
		{9D059D6C-87DF-4EA9-BC46-47CEBB05BB09}.Ad-Hoc|x64.Build.0 = Debug|Any CPU
		{9D059D6C-87DF-4EA9-BC46-47CEBB05BB09}.Ad-Hoc|x86.ActiveCfg = Debug|Any CPU
		{9D059D6C-87DF-4EA9-BC46-47CEBB05BB09}.Ad-Hoc|x86.Build.0 = Debug|Any CPU
		{9D059D6C-87DF-4EA9-BC46-47CEBB05BB09}.AppStore|Any CPU.ActiveCfg = Debug|Any CPU
		{9D059D6C-87DF-4EA9-BC46-47CEBB05BB09}.AppStore|Any CPU.Build.0 = Debug|Any CPU
		{9D059D6C-87DF-4EA9-BC46-47CEBB05BB09}.AppStore|ARM.ActiveCfg = Debug|Any CPU
		{9D059D6C-87DF-4EA9-BC46-47CEBB05BB09}.AppStore|ARM.Build.0 = Debug|Any CPU
		{9D059D6C-87DF-4EA9-BC46-47CEBB05BB09}.AppStore|ARM64.ActiveCfg = Debug|Any CPU
		{9D059D6C-87DF-4EA9-BC46-47CEBB05BB09}.AppStore|ARM64.Build.0 = Debug|Any CPU
		{9D059D6C-87DF-4EA9-BC46-47CEBB05BB09}.AppStore|iPhone.ActiveCfg = Debug|Any CPU
		{9D059D6C-87DF-4EA9-BC46-47CEBB05BB09}.AppStore|iPhone.Build.0 = Debug|Any CPU
		{9D059D6C-87DF-4EA9-BC46-47CEBB05BB09}.AppStore|iPhoneSimulator.ActiveCfg = Debug|Any CPU
		{9D059D6C-87DF-4EA9-BC46-47CEBB05BB09}.AppStore|iPhoneSimulator.Build.0 = Debug|Any CPU
		{9D059D6C-87DF-4EA9-BC46-47CEBB05BB09}.AppStore|x64.ActiveCfg = Debug|Any CPU
		{9D059D6C-87DF-4EA9-BC46-47CEBB05BB09}.AppStore|x64.Build.0 = Debug|Any CPU
		{9D059D6C-87DF-4EA9-BC46-47CEBB05BB09}.AppStore|x86.ActiveCfg = Debug|Any CPU
		{9D059D6C-87DF-4EA9-BC46-47CEBB05BB09}.AppStore|x86.Build.0 = Debug|Any CPU
		{9D059D6C-87DF-4EA9-BC46-47CEBB05BB09}.Debug|Any CPU.ActiveCfg = Debug|Any CPU
		{9D059D6C-87DF-4EA9-BC46-47CEBB05BB09}.Debug|Any CPU.Build.0 = Debug|Any CPU
		{9D059D6C-87DF-4EA9-BC46-47CEBB05BB09}.Debug|ARM.ActiveCfg = Debug|Any CPU
		{9D059D6C-87DF-4EA9-BC46-47CEBB05BB09}.Debug|ARM.Build.0 = Debug|Any CPU
		{9D059D6C-87DF-4EA9-BC46-47CEBB05BB09}.Debug|ARM64.ActiveCfg = Debug|Any CPU
		{9D059D6C-87DF-4EA9-BC46-47CEBB05BB09}.Debug|ARM64.Build.0 = Debug|Any CPU
		{9D059D6C-87DF-4EA9-BC46-47CEBB05BB09}.Debug|iPhone.ActiveCfg = Debug|Any CPU
		{9D059D6C-87DF-4EA9-BC46-47CEBB05BB09}.Debug|iPhone.Build.0 = Debug|Any CPU
		{9D059D6C-87DF-4EA9-BC46-47CEBB05BB09}.Debug|iPhoneSimulator.ActiveCfg = Debug|Any CPU
		{9D059D6C-87DF-4EA9-BC46-47CEBB05BB09}.Debug|iPhoneSimulator.Build.0 = Debug|Any CPU
		{9D059D6C-87DF-4EA9-BC46-47CEBB05BB09}.Debug|x64.ActiveCfg = Debug|Any CPU
		{9D059D6C-87DF-4EA9-BC46-47CEBB05BB09}.Debug|x64.Build.0 = Debug|Any CPU
		{9D059D6C-87DF-4EA9-BC46-47CEBB05BB09}.Debug|x86.ActiveCfg = Debug|Any CPU
		{9D059D6C-87DF-4EA9-BC46-47CEBB05BB09}.Debug|x86.Build.0 = Debug|Any CPU
		{9D059D6C-87DF-4EA9-BC46-47CEBB05BB09}.Release|Any CPU.ActiveCfg = Release|Any CPU
		{9D059D6C-87DF-4EA9-BC46-47CEBB05BB09}.Release|Any CPU.Build.0 = Release|Any CPU
		{9D059D6C-87DF-4EA9-BC46-47CEBB05BB09}.Release|ARM.ActiveCfg = Release|Any CPU
		{9D059D6C-87DF-4EA9-BC46-47CEBB05BB09}.Release|ARM.Build.0 = Release|Any CPU
		{9D059D6C-87DF-4EA9-BC46-47CEBB05BB09}.Release|ARM64.ActiveCfg = Release|Any CPU
		{9D059D6C-87DF-4EA9-BC46-47CEBB05BB09}.Release|ARM64.Build.0 = Release|Any CPU
		{9D059D6C-87DF-4EA9-BC46-47CEBB05BB09}.Release|iPhone.ActiveCfg = Release|Any CPU
		{9D059D6C-87DF-4EA9-BC46-47CEBB05BB09}.Release|iPhone.Build.0 = Release|Any CPU
		{9D059D6C-87DF-4EA9-BC46-47CEBB05BB09}.Release|iPhoneSimulator.ActiveCfg = Release|Any CPU
		{9D059D6C-87DF-4EA9-BC46-47CEBB05BB09}.Release|iPhoneSimulator.Build.0 = Release|Any CPU
		{9D059D6C-87DF-4EA9-BC46-47CEBB05BB09}.Release|x64.ActiveCfg = Release|Any CPU
		{9D059D6C-87DF-4EA9-BC46-47CEBB05BB09}.Release|x64.Build.0 = Release|Any CPU
		{9D059D6C-87DF-4EA9-BC46-47CEBB05BB09}.Release|x86.ActiveCfg = Release|Any CPU
		{9D059D6C-87DF-4EA9-BC46-47CEBB05BB09}.Release|x86.Build.0 = Release|Any CPU
		{2BD67495-D665-4C63-8FFB-E6E61D365DDE}.Ad-Hoc|Any CPU.ActiveCfg = Debug|iPhoneSimulator
		{2BD67495-D665-4C63-8FFB-E6E61D365DDE}.Ad-Hoc|Any CPU.Build.0 = Debug|iPhoneSimulator
		{2BD67495-D665-4C63-8FFB-E6E61D365DDE}.Ad-Hoc|ARM.ActiveCfg = Debug|iPhoneSimulator
		{2BD67495-D665-4C63-8FFB-E6E61D365DDE}.Ad-Hoc|ARM.Build.0 = Debug|iPhoneSimulator
		{2BD67495-D665-4C63-8FFB-E6E61D365DDE}.Ad-Hoc|ARM64.ActiveCfg = Debug|iPhoneSimulator
		{2BD67495-D665-4C63-8FFB-E6E61D365DDE}.Ad-Hoc|ARM64.Build.0 = Debug|iPhoneSimulator
		{2BD67495-D665-4C63-8FFB-E6E61D365DDE}.Ad-Hoc|iPhone.ActiveCfg = Debug|iPhoneSimulator
		{2BD67495-D665-4C63-8FFB-E6E61D365DDE}.Ad-Hoc|iPhone.Build.0 = Debug|iPhoneSimulator
		{2BD67495-D665-4C63-8FFB-E6E61D365DDE}.Ad-Hoc|iPhoneSimulator.ActiveCfg = Debug|iPhoneSimulator
		{2BD67495-D665-4C63-8FFB-E6E61D365DDE}.Ad-Hoc|iPhoneSimulator.Build.0 = Debug|iPhoneSimulator
		{2BD67495-D665-4C63-8FFB-E6E61D365DDE}.Ad-Hoc|x64.ActiveCfg = Debug|iPhoneSimulator
		{2BD67495-D665-4C63-8FFB-E6E61D365DDE}.Ad-Hoc|x64.Build.0 = Debug|iPhoneSimulator
		{2BD67495-D665-4C63-8FFB-E6E61D365DDE}.Ad-Hoc|x86.ActiveCfg = Debug|iPhoneSimulator
		{2BD67495-D665-4C63-8FFB-E6E61D365DDE}.Ad-Hoc|x86.Build.0 = Debug|iPhoneSimulator
		{2BD67495-D665-4C63-8FFB-E6E61D365DDE}.AppStore|Any CPU.ActiveCfg = Debug|iPhoneSimulator
		{2BD67495-D665-4C63-8FFB-E6E61D365DDE}.AppStore|Any CPU.Build.0 = Debug|iPhoneSimulator
		{2BD67495-D665-4C63-8FFB-E6E61D365DDE}.AppStore|ARM.ActiveCfg = Debug|iPhoneSimulator
		{2BD67495-D665-4C63-8FFB-E6E61D365DDE}.AppStore|ARM.Build.0 = Debug|iPhoneSimulator
		{2BD67495-D665-4C63-8FFB-E6E61D365DDE}.AppStore|ARM64.ActiveCfg = Debug|iPhoneSimulator
		{2BD67495-D665-4C63-8FFB-E6E61D365DDE}.AppStore|ARM64.Build.0 = Debug|iPhoneSimulator
		{2BD67495-D665-4C63-8FFB-E6E61D365DDE}.AppStore|iPhone.ActiveCfg = Debug|iPhoneSimulator
		{2BD67495-D665-4C63-8FFB-E6E61D365DDE}.AppStore|iPhone.Build.0 = Debug|iPhoneSimulator
		{2BD67495-D665-4C63-8FFB-E6E61D365DDE}.AppStore|iPhoneSimulator.ActiveCfg = Debug|iPhoneSimulator
		{2BD67495-D665-4C63-8FFB-E6E61D365DDE}.AppStore|iPhoneSimulator.Build.0 = Debug|iPhoneSimulator
		{2BD67495-D665-4C63-8FFB-E6E61D365DDE}.AppStore|x64.ActiveCfg = Debug|iPhoneSimulator
		{2BD67495-D665-4C63-8FFB-E6E61D365DDE}.AppStore|x64.Build.0 = Debug|iPhoneSimulator
		{2BD67495-D665-4C63-8FFB-E6E61D365DDE}.AppStore|x86.ActiveCfg = Debug|iPhoneSimulator
		{2BD67495-D665-4C63-8FFB-E6E61D365DDE}.AppStore|x86.Build.0 = Debug|iPhoneSimulator
		{2BD67495-D665-4C63-8FFB-E6E61D365DDE}.Debug|Any CPU.ActiveCfg = Debug|iPhoneSimulator
		{2BD67495-D665-4C63-8FFB-E6E61D365DDE}.Debug|ARM.ActiveCfg = Debug|iPhoneSimulator
		{2BD67495-D665-4C63-8FFB-E6E61D365DDE}.Debug|ARM64.ActiveCfg = Debug|iPhoneSimulator
		{2BD67495-D665-4C63-8FFB-E6E61D365DDE}.Debug|iPhone.ActiveCfg = Debug|iPhoneSimulator
		{2BD67495-D665-4C63-8FFB-E6E61D365DDE}.Debug|iPhoneSimulator.ActiveCfg = Debug|iPhoneSimulator
		{2BD67495-D665-4C63-8FFB-E6E61D365DDE}.Debug|iPhoneSimulator.Build.0 = Debug|iPhoneSimulator
		{2BD67495-D665-4C63-8FFB-E6E61D365DDE}.Debug|x64.ActiveCfg = Debug|iPhoneSimulator
		{2BD67495-D665-4C63-8FFB-E6E61D365DDE}.Debug|x86.ActiveCfg = Debug|iPhoneSimulator
		{2BD67495-D665-4C63-8FFB-E6E61D365DDE}.Release|Any CPU.ActiveCfg = Release|iPhoneSimulator
		{2BD67495-D665-4C63-8FFB-E6E61D365DDE}.Release|ARM.ActiveCfg = Release|iPhoneSimulator
		{2BD67495-D665-4C63-8FFB-E6E61D365DDE}.Release|ARM64.ActiveCfg = Release|iPhoneSimulator
		{2BD67495-D665-4C63-8FFB-E6E61D365DDE}.Release|iPhone.ActiveCfg = Release|iPhoneSimulator
		{2BD67495-D665-4C63-8FFB-E6E61D365DDE}.Release|iPhoneSimulator.ActiveCfg = Release|iPhoneSimulator
		{2BD67495-D665-4C63-8FFB-E6E61D365DDE}.Release|iPhoneSimulator.Build.0 = Release|iPhoneSimulator
		{2BD67495-D665-4C63-8FFB-E6E61D365DDE}.Release|x64.ActiveCfg = Release|iPhoneSimulator
		{2BD67495-D665-4C63-8FFB-E6E61D365DDE}.Release|x86.ActiveCfg = Release|iPhoneSimulator
		{70681969-73B2-439D-9884-A537125BC832}.Ad-Hoc|Any CPU.ActiveCfg = Debug|Any CPU
		{70681969-73B2-439D-9884-A537125BC832}.Ad-Hoc|Any CPU.Build.0 = Debug|Any CPU
		{70681969-73B2-439D-9884-A537125BC832}.Ad-Hoc|ARM.ActiveCfg = Debug|Any CPU
		{70681969-73B2-439D-9884-A537125BC832}.Ad-Hoc|ARM.Build.0 = Debug|Any CPU
		{70681969-73B2-439D-9884-A537125BC832}.Ad-Hoc|ARM64.ActiveCfg = Debug|Any CPU
		{70681969-73B2-439D-9884-A537125BC832}.Ad-Hoc|ARM64.Build.0 = Debug|Any CPU
		{70681969-73B2-439D-9884-A537125BC832}.Ad-Hoc|iPhone.ActiveCfg = Debug|Any CPU
		{70681969-73B2-439D-9884-A537125BC832}.Ad-Hoc|iPhone.Build.0 = Debug|Any CPU
		{70681969-73B2-439D-9884-A537125BC832}.Ad-Hoc|iPhoneSimulator.ActiveCfg = Debug|Any CPU
		{70681969-73B2-439D-9884-A537125BC832}.Ad-Hoc|iPhoneSimulator.Build.0 = Debug|Any CPU
		{70681969-73B2-439D-9884-A537125BC832}.Ad-Hoc|x64.ActiveCfg = Debug|Any CPU
		{70681969-73B2-439D-9884-A537125BC832}.Ad-Hoc|x64.Build.0 = Debug|Any CPU
		{70681969-73B2-439D-9884-A537125BC832}.Ad-Hoc|x86.ActiveCfg = Debug|Any CPU
		{70681969-73B2-439D-9884-A537125BC832}.Ad-Hoc|x86.Build.0 = Debug|Any CPU
		{70681969-73B2-439D-9884-A537125BC832}.AppStore|Any CPU.ActiveCfg = Debug|Any CPU
		{70681969-73B2-439D-9884-A537125BC832}.AppStore|Any CPU.Build.0 = Debug|Any CPU
		{70681969-73B2-439D-9884-A537125BC832}.AppStore|ARM.ActiveCfg = Debug|Any CPU
		{70681969-73B2-439D-9884-A537125BC832}.AppStore|ARM.Build.0 = Debug|Any CPU
		{70681969-73B2-439D-9884-A537125BC832}.AppStore|ARM64.ActiveCfg = Debug|Any CPU
		{70681969-73B2-439D-9884-A537125BC832}.AppStore|ARM64.Build.0 = Debug|Any CPU
		{70681969-73B2-439D-9884-A537125BC832}.AppStore|iPhone.ActiveCfg = Debug|Any CPU
		{70681969-73B2-439D-9884-A537125BC832}.AppStore|iPhone.Build.0 = Debug|Any CPU
		{70681969-73B2-439D-9884-A537125BC832}.AppStore|iPhoneSimulator.ActiveCfg = Debug|Any CPU
		{70681969-73B2-439D-9884-A537125BC832}.AppStore|iPhoneSimulator.Build.0 = Debug|Any CPU
		{70681969-73B2-439D-9884-A537125BC832}.AppStore|x64.ActiveCfg = Debug|Any CPU
		{70681969-73B2-439D-9884-A537125BC832}.AppStore|x64.Build.0 = Debug|Any CPU
		{70681969-73B2-439D-9884-A537125BC832}.AppStore|x86.ActiveCfg = Debug|Any CPU
		{70681969-73B2-439D-9884-A537125BC832}.AppStore|x86.Build.0 = Debug|Any CPU
		{70681969-73B2-439D-9884-A537125BC832}.Debug|Any CPU.ActiveCfg = Debug|Any CPU
		{70681969-73B2-439D-9884-A537125BC832}.Debug|Any CPU.Build.0 = Debug|Any CPU
		{70681969-73B2-439D-9884-A537125BC832}.Debug|ARM.ActiveCfg = Debug|Any CPU
		{70681969-73B2-439D-9884-A537125BC832}.Debug|ARM.Build.0 = Debug|Any CPU
		{70681969-73B2-439D-9884-A537125BC832}.Debug|ARM64.ActiveCfg = Debug|Any CPU
		{70681969-73B2-439D-9884-A537125BC832}.Debug|ARM64.Build.0 = Debug|Any CPU
		{70681969-73B2-439D-9884-A537125BC832}.Debug|iPhone.ActiveCfg = Debug|Any CPU
		{70681969-73B2-439D-9884-A537125BC832}.Debug|iPhone.Build.0 = Debug|Any CPU
		{70681969-73B2-439D-9884-A537125BC832}.Debug|iPhoneSimulator.ActiveCfg = Debug|Any CPU
		{70681969-73B2-439D-9884-A537125BC832}.Debug|iPhoneSimulator.Build.0 = Debug|Any CPU
		{70681969-73B2-439D-9884-A537125BC832}.Debug|x64.ActiveCfg = Debug|Any CPU
		{70681969-73B2-439D-9884-A537125BC832}.Debug|x64.Build.0 = Debug|Any CPU
		{70681969-73B2-439D-9884-A537125BC832}.Debug|x86.ActiveCfg = Debug|Any CPU
		{70681969-73B2-439D-9884-A537125BC832}.Debug|x86.Build.0 = Debug|Any CPU
		{70681969-73B2-439D-9884-A537125BC832}.Release|Any CPU.ActiveCfg = Release|Any CPU
		{70681969-73B2-439D-9884-A537125BC832}.Release|Any CPU.Build.0 = Release|Any CPU
		{70681969-73B2-439D-9884-A537125BC832}.Release|ARM.ActiveCfg = Release|Any CPU
		{70681969-73B2-439D-9884-A537125BC832}.Release|ARM.Build.0 = Release|Any CPU
		{70681969-73B2-439D-9884-A537125BC832}.Release|ARM64.ActiveCfg = Release|Any CPU
		{70681969-73B2-439D-9884-A537125BC832}.Release|ARM64.Build.0 = Release|Any CPU
		{70681969-73B2-439D-9884-A537125BC832}.Release|iPhone.ActiveCfg = Release|Any CPU
		{70681969-73B2-439D-9884-A537125BC832}.Release|iPhone.Build.0 = Release|Any CPU
		{70681969-73B2-439D-9884-A537125BC832}.Release|iPhoneSimulator.ActiveCfg = Release|Any CPU
		{70681969-73B2-439D-9884-A537125BC832}.Release|iPhoneSimulator.Build.0 = Release|Any CPU
		{70681969-73B2-439D-9884-A537125BC832}.Release|x64.ActiveCfg = Release|Any CPU
		{70681969-73B2-439D-9884-A537125BC832}.Release|x64.Build.0 = Release|Any CPU
		{70681969-73B2-439D-9884-A537125BC832}.Release|x86.ActiveCfg = Release|Any CPU
		{70681969-73B2-439D-9884-A537125BC832}.Release|x86.Build.0 = Release|Any CPU
		{BF7B93CB-8352-4A30-953C-2BA01838E172}.Ad-Hoc|Any CPU.ActiveCfg = Debug|Any CPU
		{BF7B93CB-8352-4A30-953C-2BA01838E172}.Ad-Hoc|Any CPU.Build.0 = Debug|Any CPU
		{BF7B93CB-8352-4A30-953C-2BA01838E172}.Ad-Hoc|ARM.ActiveCfg = Debug|Any CPU
		{BF7B93CB-8352-4A30-953C-2BA01838E172}.Ad-Hoc|ARM.Build.0 = Debug|Any CPU
		{BF7B93CB-8352-4A30-953C-2BA01838E172}.Ad-Hoc|ARM64.ActiveCfg = Debug|Any CPU
		{BF7B93CB-8352-4A30-953C-2BA01838E172}.Ad-Hoc|ARM64.Build.0 = Debug|Any CPU
		{BF7B93CB-8352-4A30-953C-2BA01838E172}.Ad-Hoc|iPhone.ActiveCfg = Debug|Any CPU
		{BF7B93CB-8352-4A30-953C-2BA01838E172}.Ad-Hoc|iPhone.Build.0 = Debug|Any CPU
		{BF7B93CB-8352-4A30-953C-2BA01838E172}.Ad-Hoc|iPhoneSimulator.ActiveCfg = Debug|Any CPU
		{BF7B93CB-8352-4A30-953C-2BA01838E172}.Ad-Hoc|iPhoneSimulator.Build.0 = Debug|Any CPU
		{BF7B93CB-8352-4A30-953C-2BA01838E172}.Ad-Hoc|x64.ActiveCfg = Debug|Any CPU
		{BF7B93CB-8352-4A30-953C-2BA01838E172}.Ad-Hoc|x64.Build.0 = Debug|Any CPU
		{BF7B93CB-8352-4A30-953C-2BA01838E172}.Ad-Hoc|x86.ActiveCfg = Debug|Any CPU
		{BF7B93CB-8352-4A30-953C-2BA01838E172}.Ad-Hoc|x86.Build.0 = Debug|Any CPU
		{BF7B93CB-8352-4A30-953C-2BA01838E172}.AppStore|Any CPU.ActiveCfg = Debug|Any CPU
		{BF7B93CB-8352-4A30-953C-2BA01838E172}.AppStore|Any CPU.Build.0 = Debug|Any CPU
		{BF7B93CB-8352-4A30-953C-2BA01838E172}.AppStore|ARM.ActiveCfg = Debug|Any CPU
		{BF7B93CB-8352-4A30-953C-2BA01838E172}.AppStore|ARM.Build.0 = Debug|Any CPU
		{BF7B93CB-8352-4A30-953C-2BA01838E172}.AppStore|ARM64.ActiveCfg = Debug|Any CPU
		{BF7B93CB-8352-4A30-953C-2BA01838E172}.AppStore|ARM64.Build.0 = Debug|Any CPU
		{BF7B93CB-8352-4A30-953C-2BA01838E172}.AppStore|iPhone.ActiveCfg = Debug|Any CPU
		{BF7B93CB-8352-4A30-953C-2BA01838E172}.AppStore|iPhone.Build.0 = Debug|Any CPU
		{BF7B93CB-8352-4A30-953C-2BA01838E172}.AppStore|iPhoneSimulator.ActiveCfg = Debug|Any CPU
		{BF7B93CB-8352-4A30-953C-2BA01838E172}.AppStore|iPhoneSimulator.Build.0 = Debug|Any CPU
		{BF7B93CB-8352-4A30-953C-2BA01838E172}.AppStore|x64.ActiveCfg = Debug|Any CPU
		{BF7B93CB-8352-4A30-953C-2BA01838E172}.AppStore|x64.Build.0 = Debug|Any CPU
		{BF7B93CB-8352-4A30-953C-2BA01838E172}.AppStore|x86.ActiveCfg = Debug|Any CPU
		{BF7B93CB-8352-4A30-953C-2BA01838E172}.AppStore|x86.Build.0 = Debug|Any CPU
		{BF7B93CB-8352-4A30-953C-2BA01838E172}.Debug|Any CPU.ActiveCfg = Debug|Any CPU
		{BF7B93CB-8352-4A30-953C-2BA01838E172}.Debug|Any CPU.Build.0 = Debug|Any CPU
		{BF7B93CB-8352-4A30-953C-2BA01838E172}.Debug|ARM.ActiveCfg = Debug|Any CPU
		{BF7B93CB-8352-4A30-953C-2BA01838E172}.Debug|ARM.Build.0 = Debug|Any CPU
		{BF7B93CB-8352-4A30-953C-2BA01838E172}.Debug|ARM64.ActiveCfg = Debug|Any CPU
		{BF7B93CB-8352-4A30-953C-2BA01838E172}.Debug|ARM64.Build.0 = Debug|Any CPU
		{BF7B93CB-8352-4A30-953C-2BA01838E172}.Debug|iPhone.ActiveCfg = Debug|Any CPU
		{BF7B93CB-8352-4A30-953C-2BA01838E172}.Debug|iPhone.Build.0 = Debug|Any CPU
		{BF7B93CB-8352-4A30-953C-2BA01838E172}.Debug|iPhoneSimulator.ActiveCfg = Debug|Any CPU
		{BF7B93CB-8352-4A30-953C-2BA01838E172}.Debug|iPhoneSimulator.Build.0 = Debug|Any CPU
		{BF7B93CB-8352-4A30-953C-2BA01838E172}.Debug|x64.ActiveCfg = Debug|Any CPU
		{BF7B93CB-8352-4A30-953C-2BA01838E172}.Debug|x64.Build.0 = Debug|Any CPU
		{BF7B93CB-8352-4A30-953C-2BA01838E172}.Debug|x86.ActiveCfg = Debug|Any CPU
		{BF7B93CB-8352-4A30-953C-2BA01838E172}.Debug|x86.Build.0 = Debug|Any CPU
		{BF7B93CB-8352-4A30-953C-2BA01838E172}.Release|Any CPU.ActiveCfg = Release|Any CPU
		{BF7B93CB-8352-4A30-953C-2BA01838E172}.Release|Any CPU.Build.0 = Release|Any CPU
		{BF7B93CB-8352-4A30-953C-2BA01838E172}.Release|ARM.ActiveCfg = Release|Any CPU
		{BF7B93CB-8352-4A30-953C-2BA01838E172}.Release|ARM.Build.0 = Release|Any CPU
		{BF7B93CB-8352-4A30-953C-2BA01838E172}.Release|ARM64.ActiveCfg = Release|Any CPU
		{BF7B93CB-8352-4A30-953C-2BA01838E172}.Release|ARM64.Build.0 = Release|Any CPU
		{BF7B93CB-8352-4A30-953C-2BA01838E172}.Release|iPhone.ActiveCfg = Release|Any CPU
		{BF7B93CB-8352-4A30-953C-2BA01838E172}.Release|iPhone.Build.0 = Release|Any CPU
		{BF7B93CB-8352-4A30-953C-2BA01838E172}.Release|iPhoneSimulator.ActiveCfg = Release|Any CPU
		{BF7B93CB-8352-4A30-953C-2BA01838E172}.Release|iPhoneSimulator.Build.0 = Release|Any CPU
		{BF7B93CB-8352-4A30-953C-2BA01838E172}.Release|x64.ActiveCfg = Release|Any CPU
		{BF7B93CB-8352-4A30-953C-2BA01838E172}.Release|x64.Build.0 = Release|Any CPU
		{BF7B93CB-8352-4A30-953C-2BA01838E172}.Release|x86.ActiveCfg = Release|Any CPU
		{BF7B93CB-8352-4A30-953C-2BA01838E172}.Release|x86.Build.0 = Release|Any CPU
		{6116FE07-5CEB-4A9F-B7A2-1FC13C1A8D66}.Ad-Hoc|Any CPU.ActiveCfg = Debug|Any CPU
		{6116FE07-5CEB-4A9F-B7A2-1FC13C1A8D66}.Ad-Hoc|Any CPU.Build.0 = Debug|Any CPU
		{6116FE07-5CEB-4A9F-B7A2-1FC13C1A8D66}.Ad-Hoc|ARM.ActiveCfg = Debug|Any CPU
		{6116FE07-5CEB-4A9F-B7A2-1FC13C1A8D66}.Ad-Hoc|ARM.Build.0 = Debug|Any CPU
		{6116FE07-5CEB-4A9F-B7A2-1FC13C1A8D66}.Ad-Hoc|ARM64.ActiveCfg = Debug|Any CPU
		{6116FE07-5CEB-4A9F-B7A2-1FC13C1A8D66}.Ad-Hoc|ARM64.Build.0 = Debug|Any CPU
		{6116FE07-5CEB-4A9F-B7A2-1FC13C1A8D66}.Ad-Hoc|iPhone.ActiveCfg = Debug|Any CPU
		{6116FE07-5CEB-4A9F-B7A2-1FC13C1A8D66}.Ad-Hoc|iPhone.Build.0 = Debug|Any CPU
		{6116FE07-5CEB-4A9F-B7A2-1FC13C1A8D66}.Ad-Hoc|iPhoneSimulator.ActiveCfg = Debug|Any CPU
		{6116FE07-5CEB-4A9F-B7A2-1FC13C1A8D66}.Ad-Hoc|iPhoneSimulator.Build.0 = Debug|Any CPU
		{6116FE07-5CEB-4A9F-B7A2-1FC13C1A8D66}.Ad-Hoc|x64.ActiveCfg = Debug|Any CPU
		{6116FE07-5CEB-4A9F-B7A2-1FC13C1A8D66}.Ad-Hoc|x64.Build.0 = Debug|Any CPU
		{6116FE07-5CEB-4A9F-B7A2-1FC13C1A8D66}.Ad-Hoc|x86.ActiveCfg = Debug|Any CPU
		{6116FE07-5CEB-4A9F-B7A2-1FC13C1A8D66}.Ad-Hoc|x86.Build.0 = Debug|Any CPU
		{6116FE07-5CEB-4A9F-B7A2-1FC13C1A8D66}.AppStore|Any CPU.ActiveCfg = Debug|Any CPU
		{6116FE07-5CEB-4A9F-B7A2-1FC13C1A8D66}.AppStore|Any CPU.Build.0 = Debug|Any CPU
		{6116FE07-5CEB-4A9F-B7A2-1FC13C1A8D66}.AppStore|ARM.ActiveCfg = Debug|Any CPU
		{6116FE07-5CEB-4A9F-B7A2-1FC13C1A8D66}.AppStore|ARM.Build.0 = Debug|Any CPU
		{6116FE07-5CEB-4A9F-B7A2-1FC13C1A8D66}.AppStore|ARM64.ActiveCfg = Debug|Any CPU
		{6116FE07-5CEB-4A9F-B7A2-1FC13C1A8D66}.AppStore|ARM64.Build.0 = Debug|Any CPU
		{6116FE07-5CEB-4A9F-B7A2-1FC13C1A8D66}.AppStore|iPhone.ActiveCfg = Debug|Any CPU
		{6116FE07-5CEB-4A9F-B7A2-1FC13C1A8D66}.AppStore|iPhone.Build.0 = Debug|Any CPU
		{6116FE07-5CEB-4A9F-B7A2-1FC13C1A8D66}.AppStore|iPhoneSimulator.ActiveCfg = Debug|Any CPU
		{6116FE07-5CEB-4A9F-B7A2-1FC13C1A8D66}.AppStore|iPhoneSimulator.Build.0 = Debug|Any CPU
		{6116FE07-5CEB-4A9F-B7A2-1FC13C1A8D66}.AppStore|x64.ActiveCfg = Debug|Any CPU
		{6116FE07-5CEB-4A9F-B7A2-1FC13C1A8D66}.AppStore|x64.Build.0 = Debug|Any CPU
		{6116FE07-5CEB-4A9F-B7A2-1FC13C1A8D66}.AppStore|x86.ActiveCfg = Debug|Any CPU
		{6116FE07-5CEB-4A9F-B7A2-1FC13C1A8D66}.AppStore|x86.Build.0 = Debug|Any CPU
		{6116FE07-5CEB-4A9F-B7A2-1FC13C1A8D66}.Debug|Any CPU.ActiveCfg = Debug|Any CPU
		{6116FE07-5CEB-4A9F-B7A2-1FC13C1A8D66}.Debug|Any CPU.Build.0 = Debug|Any CPU
		{6116FE07-5CEB-4A9F-B7A2-1FC13C1A8D66}.Debug|ARM.ActiveCfg = Debug|Any CPU
		{6116FE07-5CEB-4A9F-B7A2-1FC13C1A8D66}.Debug|ARM.Build.0 = Debug|Any CPU
		{6116FE07-5CEB-4A9F-B7A2-1FC13C1A8D66}.Debug|ARM64.ActiveCfg = Debug|Any CPU
		{6116FE07-5CEB-4A9F-B7A2-1FC13C1A8D66}.Debug|ARM64.Build.0 = Debug|Any CPU
		{6116FE07-5CEB-4A9F-B7A2-1FC13C1A8D66}.Debug|iPhone.ActiveCfg = Debug|Any CPU
		{6116FE07-5CEB-4A9F-B7A2-1FC13C1A8D66}.Debug|iPhone.Build.0 = Debug|Any CPU
		{6116FE07-5CEB-4A9F-B7A2-1FC13C1A8D66}.Debug|iPhoneSimulator.ActiveCfg = Debug|Any CPU
		{6116FE07-5CEB-4A9F-B7A2-1FC13C1A8D66}.Debug|iPhoneSimulator.Build.0 = Debug|Any CPU
		{6116FE07-5CEB-4A9F-B7A2-1FC13C1A8D66}.Debug|x64.ActiveCfg = Debug|Any CPU
		{6116FE07-5CEB-4A9F-B7A2-1FC13C1A8D66}.Debug|x64.Build.0 = Debug|Any CPU
		{6116FE07-5CEB-4A9F-B7A2-1FC13C1A8D66}.Debug|x86.ActiveCfg = Debug|Any CPU
		{6116FE07-5CEB-4A9F-B7A2-1FC13C1A8D66}.Debug|x86.Build.0 = Debug|Any CPU
		{6116FE07-5CEB-4A9F-B7A2-1FC13C1A8D66}.Release|Any CPU.ActiveCfg = Release|Any CPU
		{6116FE07-5CEB-4A9F-B7A2-1FC13C1A8D66}.Release|Any CPU.Build.0 = Release|Any CPU
		{6116FE07-5CEB-4A9F-B7A2-1FC13C1A8D66}.Release|ARM.ActiveCfg = Release|Any CPU
		{6116FE07-5CEB-4A9F-B7A2-1FC13C1A8D66}.Release|ARM.Build.0 = Release|Any CPU
		{6116FE07-5CEB-4A9F-B7A2-1FC13C1A8D66}.Release|ARM64.ActiveCfg = Release|Any CPU
		{6116FE07-5CEB-4A9F-B7A2-1FC13C1A8D66}.Release|ARM64.Build.0 = Release|Any CPU
		{6116FE07-5CEB-4A9F-B7A2-1FC13C1A8D66}.Release|iPhone.ActiveCfg = Release|Any CPU
		{6116FE07-5CEB-4A9F-B7A2-1FC13C1A8D66}.Release|iPhone.Build.0 = Release|Any CPU
		{6116FE07-5CEB-4A9F-B7A2-1FC13C1A8D66}.Release|iPhoneSimulator.ActiveCfg = Release|Any CPU
		{6116FE07-5CEB-4A9F-B7A2-1FC13C1A8D66}.Release|iPhoneSimulator.Build.0 = Release|Any CPU
		{6116FE07-5CEB-4A9F-B7A2-1FC13C1A8D66}.Release|x64.ActiveCfg = Release|Any CPU
		{6116FE07-5CEB-4A9F-B7A2-1FC13C1A8D66}.Release|x64.Build.0 = Release|Any CPU
		{6116FE07-5CEB-4A9F-B7A2-1FC13C1A8D66}.Release|x86.ActiveCfg = Release|Any CPU
		{6116FE07-5CEB-4A9F-B7A2-1FC13C1A8D66}.Release|x86.Build.0 = Release|Any CPU
		{BB935518-B42A-45F8-BADD-65B7226B3E8E}.Ad-Hoc|Any CPU.ActiveCfg = Debug|Any CPU
		{BB935518-B42A-45F8-BADD-65B7226B3E8E}.Ad-Hoc|Any CPU.Build.0 = Debug|Any CPU
		{BB935518-B42A-45F8-BADD-65B7226B3E8E}.Ad-Hoc|ARM.ActiveCfg = Debug|Any CPU
		{BB935518-B42A-45F8-BADD-65B7226B3E8E}.Ad-Hoc|ARM.Build.0 = Debug|Any CPU
		{BB935518-B42A-45F8-BADD-65B7226B3E8E}.Ad-Hoc|ARM64.ActiveCfg = Debug|Any CPU
		{BB935518-B42A-45F8-BADD-65B7226B3E8E}.Ad-Hoc|ARM64.Build.0 = Debug|Any CPU
		{BB935518-B42A-45F8-BADD-65B7226B3E8E}.Ad-Hoc|iPhone.ActiveCfg = Debug|Any CPU
		{BB935518-B42A-45F8-BADD-65B7226B3E8E}.Ad-Hoc|iPhone.Build.0 = Debug|Any CPU
		{BB935518-B42A-45F8-BADD-65B7226B3E8E}.Ad-Hoc|iPhoneSimulator.ActiveCfg = Debug|Any CPU
		{BB935518-B42A-45F8-BADD-65B7226B3E8E}.Ad-Hoc|iPhoneSimulator.Build.0 = Debug|Any CPU
		{BB935518-B42A-45F8-BADD-65B7226B3E8E}.Ad-Hoc|x64.ActiveCfg = Debug|Any CPU
		{BB935518-B42A-45F8-BADD-65B7226B3E8E}.Ad-Hoc|x64.Build.0 = Debug|Any CPU
		{BB935518-B42A-45F8-BADD-65B7226B3E8E}.Ad-Hoc|x86.ActiveCfg = Debug|Any CPU
		{BB935518-B42A-45F8-BADD-65B7226B3E8E}.Ad-Hoc|x86.Build.0 = Debug|Any CPU
		{BB935518-B42A-45F8-BADD-65B7226B3E8E}.AppStore|Any CPU.ActiveCfg = Debug|Any CPU
		{BB935518-B42A-45F8-BADD-65B7226B3E8E}.AppStore|Any CPU.Build.0 = Debug|Any CPU
		{BB935518-B42A-45F8-BADD-65B7226B3E8E}.AppStore|ARM.ActiveCfg = Debug|Any CPU
		{BB935518-B42A-45F8-BADD-65B7226B3E8E}.AppStore|ARM.Build.0 = Debug|Any CPU
		{BB935518-B42A-45F8-BADD-65B7226B3E8E}.AppStore|ARM64.ActiveCfg = Debug|Any CPU
		{BB935518-B42A-45F8-BADD-65B7226B3E8E}.AppStore|ARM64.Build.0 = Debug|Any CPU
		{BB935518-B42A-45F8-BADD-65B7226B3E8E}.AppStore|iPhone.ActiveCfg = Debug|Any CPU
		{BB935518-B42A-45F8-BADD-65B7226B3E8E}.AppStore|iPhone.Build.0 = Debug|Any CPU
		{BB935518-B42A-45F8-BADD-65B7226B3E8E}.AppStore|iPhoneSimulator.ActiveCfg = Debug|Any CPU
		{BB935518-B42A-45F8-BADD-65B7226B3E8E}.AppStore|iPhoneSimulator.Build.0 = Debug|Any CPU
		{BB935518-B42A-45F8-BADD-65B7226B3E8E}.AppStore|x64.ActiveCfg = Debug|Any CPU
		{BB935518-B42A-45F8-BADD-65B7226B3E8E}.AppStore|x64.Build.0 = Debug|Any CPU
		{BB935518-B42A-45F8-BADD-65B7226B3E8E}.AppStore|x86.ActiveCfg = Debug|Any CPU
		{BB935518-B42A-45F8-BADD-65B7226B3E8E}.AppStore|x86.Build.0 = Debug|Any CPU
		{BB935518-B42A-45F8-BADD-65B7226B3E8E}.Debug|Any CPU.ActiveCfg = Debug|Any CPU
		{BB935518-B42A-45F8-BADD-65B7226B3E8E}.Debug|Any CPU.Build.0 = Debug|Any CPU
		{BB935518-B42A-45F8-BADD-65B7226B3E8E}.Debug|ARM.ActiveCfg = Debug|Any CPU
		{BB935518-B42A-45F8-BADD-65B7226B3E8E}.Debug|ARM.Build.0 = Debug|Any CPU
		{BB935518-B42A-45F8-BADD-65B7226B3E8E}.Debug|ARM64.ActiveCfg = Debug|Any CPU
		{BB935518-B42A-45F8-BADD-65B7226B3E8E}.Debug|ARM64.Build.0 = Debug|Any CPU
		{BB935518-B42A-45F8-BADD-65B7226B3E8E}.Debug|iPhone.ActiveCfg = Debug|Any CPU
		{BB935518-B42A-45F8-BADD-65B7226B3E8E}.Debug|iPhone.Build.0 = Debug|Any CPU
		{BB935518-B42A-45F8-BADD-65B7226B3E8E}.Debug|iPhoneSimulator.ActiveCfg = Debug|Any CPU
		{BB935518-B42A-45F8-BADD-65B7226B3E8E}.Debug|iPhoneSimulator.Build.0 = Debug|Any CPU
		{BB935518-B42A-45F8-BADD-65B7226B3E8E}.Debug|x64.ActiveCfg = Debug|Any CPU
		{BB935518-B42A-45F8-BADD-65B7226B3E8E}.Debug|x64.Build.0 = Debug|Any CPU
		{BB935518-B42A-45F8-BADD-65B7226B3E8E}.Debug|x86.ActiveCfg = Debug|Any CPU
		{BB935518-B42A-45F8-BADD-65B7226B3E8E}.Debug|x86.Build.0 = Debug|Any CPU
		{BB935518-B42A-45F8-BADD-65B7226B3E8E}.Release|Any CPU.ActiveCfg = Release|Any CPU
		{BB935518-B42A-45F8-BADD-65B7226B3E8E}.Release|Any CPU.Build.0 = Release|Any CPU
		{BB935518-B42A-45F8-BADD-65B7226B3E8E}.Release|ARM.ActiveCfg = Release|Any CPU
		{BB935518-B42A-45F8-BADD-65B7226B3E8E}.Release|ARM.Build.0 = Release|Any CPU
		{BB935518-B42A-45F8-BADD-65B7226B3E8E}.Release|ARM64.ActiveCfg = Release|Any CPU
		{BB935518-B42A-45F8-BADD-65B7226B3E8E}.Release|ARM64.Build.0 = Release|Any CPU
		{BB935518-B42A-45F8-BADD-65B7226B3E8E}.Release|iPhone.ActiveCfg = Release|Any CPU
		{BB935518-B42A-45F8-BADD-65B7226B3E8E}.Release|iPhone.Build.0 = Release|Any CPU
		{BB935518-B42A-45F8-BADD-65B7226B3E8E}.Release|iPhoneSimulator.ActiveCfg = Release|Any CPU
		{BB935518-B42A-45F8-BADD-65B7226B3E8E}.Release|iPhoneSimulator.Build.0 = Release|Any CPU
		{BB935518-B42A-45F8-BADD-65B7226B3E8E}.Release|x64.ActiveCfg = Release|Any CPU
		{BB935518-B42A-45F8-BADD-65B7226B3E8E}.Release|x64.Build.0 = Release|Any CPU
		{BB935518-B42A-45F8-BADD-65B7226B3E8E}.Release|x86.ActiveCfg = Release|Any CPU
		{BB935518-B42A-45F8-BADD-65B7226B3E8E}.Release|x86.Build.0 = Release|Any CPU
	EndGlobalSection
	GlobalSection(SolutionProperties) = preSolution
		HideSolutionNode = FALSE
	EndGlobalSection
	GlobalSection(NestedProjects) = preSolution
		{BE8D0826-5B0B-4A8D-99FF-05400C66C86E} = {CE2BEF7A-C640-4152-8BB9-57A97BBEF8E2}
		{79F43C48-2E9E-4E4C-8673-57C5AD08E073} = {CE2BEF7A-C640-4152-8BB9-57A97BBEF8E2}
		{1F3ED2A1-DAFE-490C-A25A-E2E9428955BD} = {CE2BEF7A-C640-4152-8BB9-57A97BBEF8E2}
		{9D059D6C-87DF-4EA9-BC46-47CEBB05BB09} = {CE2BEF7A-C640-4152-8BB9-57A97BBEF8E2}
		{2BD67495-D665-4C63-8FFB-E6E61D365DDE} = {CE2BEF7A-C640-4152-8BB9-57A97BBEF8E2}
		{70681969-73B2-439D-9884-A537125BC832} = {CE2BEF7A-C640-4152-8BB9-57A97BBEF8E2}
		{BF7B93CB-8352-4A30-953C-2BA01838E172} = {CE2BEF7A-C640-4152-8BB9-57A97BBEF8E2}
		{6116FE07-5CEB-4A9F-B7A2-1FC13C1A8D66} = {CE2BEF7A-C640-4152-8BB9-57A97BBEF8E2}
		{BB935518-B42A-45F8-BADD-65B7226B3E8E} = {CE2BEF7A-C640-4152-8BB9-57A97BBEF8E2}
	EndGlobalSection
	GlobalSection(ExtensibilityGlobals) = postSolution
		SolutionGuid = {D887F9FB-C1D6-4FA3-885A-FA848CA52752}
	EndGlobalSection
EndGlobal
